{
  "object": {
    "pins": [
      {
        "package": "AEXML",
        "repositoryURL": "https://github.com/SmallPlanetSporks/AEXML.git",
        "state": {
          "branch": "spmaster",
          "revision": "67663d951a325b6132be757b5979c2a032f82fc9",
          "version": null
        }
      }
    ]
  },
  "version": 1
}
